// !$*UTF8*$!
{
	archiveVersion = 1;
	classes = {
	};
	objectVersion = 46;
	objects = {

/* Begin PBXBuildFile section */
		9905EA561AB1053A00B149D0 /* CartView.swift in Sources */ = {isa = PBXBuildFile; fileRef = 9905EA551AB1053A00B149D0 /* CartView.swift */; };
		994D06DD1AB0A886008B8CBF /* AppDelegate.swift in Sources */ = {isa = PBXBuildFile; fileRef = 994D06DC1AB0A886008B8CBF /* AppDelegate.swift */; };
		994D06DF1AB0A886008B8CBF /* ViewController.swift in Sources */ = {isa = PBXBuildFile; fileRef = 994D06DE1AB0A886008B8CBF /* ViewController.swift */; };
		994D06E21AB0A886008B8CBF /* Main.storyboard in Resources */ = {isa = PBXBuildFile; fileRef = 994D06E01AB0A886008B8CBF /* Main.storyboard */; };
		994D06E41AB0A886008B8CBF /* Images.xcassets in Resources */ = {isa = PBXBuildFile; fileRef = 994D06E31AB0A886008B8CBF /* Images.xcassets */; };
		994D06E71AB0A886008B8CBF /* LaunchScreen.xib in Resources */ = {isa = PBXBuildFile; fileRef = 994D06E51AB0A886008B8CBF /* LaunchScreen.xib */; };
		994D06F31AB0A886008B8CBF /* Shopping_CartTests.swift in Sources */ = {isa = PBXBuildFile; fileRef = 994D06F21AB0A886008B8CBF /* Shopping_CartTests.swift */; };
		994D06FE1AB0A9FA008B8CBF /* dummyDataProducts.plist in Resources */ = {isa = PBXBuildFile; fileRef = 994D06FD1AB0A9FA008B8CBF /* dummyDataProducts.plist */; };
		994D07011AB0B2D9008B8CBF /* ProductCell.swift in Sources */ = {isa = PBXBuildFile; fileRef = 994D07001AB0B2D9008B8CBF /* ProductCell.swift */; };
		994D07031AB0B77A008B8CBF /* Product.swift in Sources */ = {isa = PBXBuildFile; fileRef = 994D07021AB0B77A008B8CBF /* Product.swift */; };
/* End PBXBuildFile section */

/* Begin PBXContainerItemProxy section */
		994D06ED1AB0A886008B8CBF /* PBXContainerItemProxy */ = {
			isa = PBXContainerItemProxy;
			containerPortal = 994D06CF1AB0A886008B8CBF /* Project object */;
			proxyType = 1;
			remoteGlobalIDString = 994D06D61AB0A886008B8CBF;
			remoteInfo = "Shopping Cart";
		};
/* End PBXContainerItemProxy section */

/* Begin PBXFileReference section */
		9905EA551AB1053A00B149D0 /* CartView.swift */ = {isa = PBXFileReference; fileEncoding = 4; lastKnownFileType = sourcecode.swift; path = CartView.swift; sourceTree = "<group>"; };
		994D06D71AB0A886008B8CBF /* Shopping Cart.app */ = {isa = PBXFileReference; explicitFileType = wrapper.application; includeInIndex = 0; path = "Shopping Cart.app"; sourceTree = BUILT_PRODUCTS_DIR; };
		994D06DB1AB0A886008B8CBF /* Info.plist */ = {isa = PBXFileReference; lastKnownFileType = text.plist.xml; path = Info.plist; sourceTree = "<group>"; };
		994D06DC1AB0A886008B8CBF /* AppDelegate.swift */ = {isa = PBXFileReference; lastKnownFileType = sourcecode.swift; path = AppDelegate.swift; sourceTree = "<group>"; };
		994D06DE1AB0A886008B8CBF /* ViewController.swift */ = {isa = PBXFileReference; lastKnownFileType = sourcecode.swift; path = ViewController.swift; sourceTree = "<group>"; };
		994D06E11AB0A886008B8CBF /* Base */ = {isa = PBXFileReference; lastKnownFileType = file.storyboard; name = Base; path = Base.lproj/Main.storyboard; sourceTree = "<group>"; };
		994D06E31AB0A886008B8CBF /* Images.xcassets */ = {isa = PBXFileReference; lastKnownFileType = folder.assetcatalog; path = Images.xcassets; sourceTree = "<group>"; };
		994D06E61AB0A886008B8CBF /* Base */ = {isa = PBXFileReference; lastKnownFileType = file.xib; name = Base; path = Base.lproj/LaunchScreen.xib; sourceTree = "<group>"; };
		994D06EC1AB0A886008B8CBF /* Shopping CartTests.xctest */ = {isa = PBXFileReference; explicitFileType = wrapper.cfbundle; includeInIndex = 0; path = "Shopping CartTests.xctest"; sourceTree = BUILT_PRODUCTS_DIR; };
		994D06F11AB0A886008B8CBF /* Info.plist */ = {isa = PBXFileReference; lastKnownFileType = text.plist.xml; path = Info.plist; sourceTree = "<group>"; };
		994D06F21AB0A886008B8CBF /* Shopping_CartTests.swift */ = {isa = PBXFileReference; lastKnownFileType = sourcecode.swift; path = Shopping_CartTests.swift; sourceTree = "<group>"; };
		994D06FD1AB0A9FA008B8CBF /* dummyDataProducts.plist */ = {isa = PBXFileReference; fileEncoding = 4; lastKnownFileType = text.plist.xml; path = dummyDataProducts.plist; sourceTree = "<group>"; };
		994D07001AB0B2D9008B8CBF /* ProductCell.swift */ = {isa = PBXFileReference; fileEncoding = 4; lastKnownFileType = sourcecode.swift; path = ProductCell.swift; sourceTree = "<group>"; };
		994D07021AB0B77A008B8CBF /* Product.swift */ = {isa = PBXFileReference; fileEncoding = 4; lastKnownFileType = sourcecode.swift; path = Product.swift; sourceTree = "<group>"; };
/* End PBXFileReference section */

/* Begin PBXFrameworksBuildPhase section */
		994D06D41AB0A886008B8CBF /* Frameworks */ = {
			isa = PBXFrameworksBuildPhase;
			buildActionMask = 2147483647;
			files = (
			);
			runOnlyForDeploymentPostprocessing = 0;
		};
		994D06E91AB0A886008B8CBF /* Frameworks */ = {
			isa = PBXFrameworksBuildPhase;
			buildActionMask = 2147483647;
			files = (
			);
			runOnlyForDeploymentPostprocessing = 0;
		};
/* End PBXFrameworksBuildPhase section */

/* Begin PBXGroup section */
		994D06CE1AB0A886008B8CBF = {
			isa = PBXGroup;
			children = (
				994D06D91AB0A886008B8CBF /* Shopping Cart */,
				994D06EF1AB0A886008B8CBF /* Shopping CartTests */,
				994D06D81AB0A886008B8CBF /* Products */,
			);
			sourceTree = "<group>";
		};
		994D06D81AB0A886008B8CBF /* Products */ = {
			isa = PBXGroup;
			children = (
				994D06D71AB0A886008B8CBF /* Shopping Cart.app */,
				994D06EC1AB0A886008B8CBF /* Shopping CartTests.xctest */,
			);
			name = Products;
			sourceTree = "<group>";
		};
		994D06D91AB0A886008B8CBF /* Shopping Cart */ = {
			isa = PBXGroup;
			children = (
				994D06DC1AB0A886008B8CBF /* AppDelegate.swift */,
				9905EA551AB1053A00B149D0 /* CartView.swift */,
				994D06DE1AB0A886008B8CBF /* ViewController.swift */,
				994D07001AB0B2D9008B8CBF /* ProductCell.swift */,
				994D07021AB0B77A008B8CBF /* Product.swift */,
				994D06E01AB0A886008B8CBF /* Main.storyboard */,
				994D06E31AB0A886008B8CBF /* Images.xcassets */,
				994D06E51AB0A886008B8CBF /* LaunchScreen.xib */,
				994D06FC1AB0A9A0008B8CBF /* resources */,
				994D06DA1AB0A886008B8CBF /* Supporting Files */,
			);
			path = "Shopping Cart";
			sourceTree = "<group>";
		};
		994D06DA1AB0A886008B8CBF /* Supporting Files */ = {
			isa = PBXGroup;
			children = (
				994D06DB1AB0A886008B8CBF /* Info.plist */,
			);
			name = "Supporting Files";
			sourceTree = "<group>";
		};
		994D06EF1AB0A886008B8CBF /* Shopping CartTests */ = {
			isa = PBXGroup;
			children = (
				994D06F21AB0A886008B8CBF /* Shopping_CartTests.swift */,
				994D06F01AB0A886008B8CBF /* Supporting Files */,
			);
			path = "Shopping CartTests";
			sourceTree = "<group>";
		};
		994D06F01AB0A886008B8CBF /* Supporting Files */ = {
			isa = PBXGroup;
			children = (
				994D06F11AB0A886008B8CBF /* Info.plist */,
			);
			name = "Supporting Files";
			sourceTree = "<group>";
		};
		994D06FC1AB0A9A0008B8CBF /* resources */ = {
			isa = PBXGroup;
			children = (
				994D06FD1AB0A9FA008B8CBF /* dummyDataProducts.plist */,
			);
			name = resources;
			sourceTree = "<group>";
		};
/* End PBXGroup section */

/* Begin PBXNativeTarget section */
		994D06D61AB0A886008B8CBF /* Shopping Cart */ = {
			isa = PBXNativeTarget;
			buildConfigurationList = 994D06F61AB0A886008B8CBF /* Build configuration list for PBXNativeTarget "Shopping Cart" */;
			buildPhases = (
				994D06D31AB0A886008B8CBF /* Sources */,
				994D06D41AB0A886008B8CBF /* Frameworks */,
				994D06D51AB0A886008B8CBF /* Resources */,
			);
			buildRules = (
			);
			dependencies = (
			);
			name = "Shopping Cart";
			productName = "Shopping Cart";
			productReference = 994D06D71AB0A886008B8CBF /* Shopping Cart.app */;
			productType = "com.apple.product-type.application";
		};
		994D06EB1AB0A886008B8CBF /* Shopping CartTests */ = {
			isa = PBXNativeTarget;
			buildConfigurationList = 994D06F91AB0A886008B8CBF /* Build configuration list for PBXNativeTarget "Shopping CartTests" */;
			buildPhases = (
				994D06E81AB0A886008B8CBF /* Sources */,
				994D06E91AB0A886008B8CBF /* Frameworks */,
				994D06EA1AB0A886008B8CBF /* Resources */,
			);
			buildRules = (
			);
			dependencies = (
				994D06EE1AB0A886008B8CBF /* PBXTargetDependency */,
			);
			name = "Shopping CartTests";
			productName = "Shopping CartTests";
			productReference = 994D06EC1AB0A886008B8CBF /* Shopping CartTests.xctest */;
			productType = "com.apple.product-type.bundle.unit-test";
		};
/* End PBXNativeTarget section */

/* Begin PBXProject section */
		994D06CF1AB0A886008B8CBF /* Project object */ = {
			isa = PBXProject;
			attributes = {
				LastUpgradeCheck = 0610;
				ORGANIZATIONNAME = UpperSky;
				TargetAttributes = {
					994D06D61AB0A886008B8CBF = {
						CreatedOnToolsVersion = 6.1.1;
					};
					994D06EB1AB0A886008B8CBF = {
						CreatedOnToolsVersion = 6.1.1;
						TestTargetID = 994D06D61AB0A886008B8CBF;
					};
				};
			};
			buildConfigurationList = 994D06D21AB0A886008B8CBF /* Build configuration list for PBXProject "Shopping Cart" */;
			compatibilityVersion = "Xcode 3.2";
			developmentRegion = English;
			hasScannedForEncodings = 0;
			knownRegions = (
				en,
				Base,
			);
			mainGroup = 994D06CE1AB0A886008B8CBF;
			productRefGroup = 994D06D81AB0A886008B8CBF /* Products */;
			projectDirPath = "";
			projectRoot = "";
			targets = (
				994D06D61AB0A886008B8CBF /* Shopping Cart */,
				994D06EB1AB0A886008B8CBF /* Shopping CartTests */,
			);
		};
/* End PBXProject section */

/* Begin PBXResourcesBuildPhase section */
		994D06D51AB0A886008B8CBF /* Resources */ = {
			isa = PBXResourcesBuildPhase;
			buildActionMask = 2147483647;
			files = (
				994D06E21AB0A886008B8CBF /* Main.storyboard in Resources */,
				994D06E71AB0A886008B8CBF /* LaunchScreen.xib in Resources */,
				994D06E41AB0A886008B8CBF /* Images.xcassets in Resources */,
				994D06FE1AB0A9FA008B8CBF /* dummyDataProducts.plist in Resources */,
			);
			runOnlyForDeploymentPostprocessing = 0;
		};
		994D06EA1AB0A886008B8CBF /* Resources */ = {
			isa = PBXResourcesBuildPhase;
			buildActionMask = 2147483647;
			files = (
			);
			runOnlyForDeploymentPostprocessing = 0;
		};
/* End PBXResourcesBuildPhase section */

/* Begin PBXSourcesBuildPhase section */
		994D06D31AB0A886008B8CBF /* Sources */ = {
			isa = PBXSourcesBuildPhase;
			buildActionMask = 2147483647;
			files = (
				9905EA561AB1053A00B149D0 /* CartView.swift in Sources */,
				994D07011AB0B2D9008B8CBF /* ProductCell.swift in Sources */,
				994D07031AB0B77A008B8CBF /* Product.swift in Sources */,
				994D06DF1AB0A886008B8CBF /* ViewController.swift in Sources */,
				994D06DD1AB0A886008B8CBF /* AppDelegate.swift in Sources */,
			);
			runOnlyForDeploymentPostprocessing = 0;
		};
		994D06E81AB0A886008B8CBF /* Sources */ = {
			isa = PBXSourcesBuildPhase;
			buildActionMask = 2147483647;
			files = (
				994D06F31AB0A886008B8CBF /* Shopping_CartTests.swift in Sources */,
			);
			runOnlyForDeploymentPostprocessing = 0;
		};
/* End PBXSourcesBuildPhase section */

/* Begin PBXTargetDependency section */
		994D06EE1AB0A886008B8CBF /* PBXTargetDependency */ = {
			isa = PBXTargetDependency;
			target = 994D06D61AB0A886008B8CBF /* Shopping Cart */;
			targetProxy = 994D06ED1AB0A886008B8CBF /* PBXContainerItemProxy */;
		};
/* End PBXTargetDependency section */

/* Begin PBXVariantGroup section */
		994D06E01AB0A886008B8CBF /* Main.storyboard */ = {
			isa = PBXVariantGroup;
			children = (
				994D06E11AB0A886008B8CBF /* Base */,
			);
			name = Main.storyboard;
			sourceTree = "<group>";
		};
		994D06E51AB0A886008B8CBF /* LaunchScreen.xib */ = {
			isa = PBXVariantGroup;
			children = (
				994D06E61AB0A886008B8CBF /* Base */,
			);
			name = LaunchScreen.xib;
			sourceTree = "<group>";
		};
/* End PBXVariantGroup section */

/* Begin XCBuildConfiguration section */
		994D06F41AB0A886008B8CBF /* Debug */ = {
			isa = XCBuildConfiguration;
			buildSettings = {
				ALWAYS_SEARCH_USER_PATHS = NO;
				CLANG_CXX_LANGUAGE_STANDARD = "gnu++0x";
				CLANG_CXX_LIBRARY = "libc++";
				CLANG_ENABLE_MODULES = YES;
				CLANG_ENABLE_OBJC_ARC = YES;
				CLANG_WARN_BOOL_CONVERSION = YES;
				CLANG_WARN_CONSTANT_CONVERSION = YES;
				CLANG_WARN_DIRECT_OBJC_ISA_USAGE = YES_ERROR;
				CLANG_WARN_EMPTY_BODY = YES;
				CLANG_WARN_ENUM_CONVERSION = YES;
				CLANG_WARN_INT_CONVERSION = YES;
				CLANG_WARN_OBJC_ROOT_CLASS = YES_ERROR;
				CLANG_WARN_UNREACHABLE_CODE = YES;
				CLANG_WARN__DUPLICATE_METHOD_MATCH = YES;
				"CODE_SIGN_IDENTITY[sdk=iphoneos*]" = "iPhone Developer";
				COPY_PHASE_STRIP = NO;
				ENABLE_STRICT_OBJC_MSGSEND = YES;
				GCC_C_LANGUAGE_STANDARD = gnu99;
				GCC_DYNAMIC_NO_PIC = NO;
				GCC_OPTIMIZATION_LEVEL = 0;
				GCC_PREPROCESSOR_DEFINITIONS = (
					"DEBUG=1",
					"$(inherited)",
				);
				GCC_SYMBOLS_PRIVATE_EXTERN = NO;
				GCC_WARN_64_TO_32_BIT_CONVERSION = YES;
				GCC_WARN_ABOUT_RETURN_TYPE = YES_ERROR;
				GCC_WARN_UNDECLARED_SELECTOR = YES;
				GCC_WARN_UNINITIALIZED_AUTOS = YES_AGGRESSIVE;
				GCC_WARN_UNUSED_FUNCTION = YES;
				GCC_WARN_UNUSED_VARIABLE = YES;
				IPHONEOS_DEPLOYMENT_TARGET = 8.1;
				MTL_ENABLE_DEBUG_INFO = YES;
				ONLY_ACTIVE_ARCH = YES;
				SDKROOT = iphoneos;
				SWIFT_OPTIMIZATION_LEVEL = "-Onone";
				TARGETED_DEVICE_FAMILY = "1,2";
			};
			name = Debug;
		};
		994D06F51AB0A886008B8CBF /* Release */ = {
			isa = XCBuildConfiguration;
			buildSettings = {
				ALWAYS_SEARCH_USER_PATHS = NO;
				CLANG_CXX_LANGUAGE_STANDARD = "gnu++0x";
				CLANG_CXX_LIBRARY = "libc++";
				CLANG_ENABLE_MODULES = YES;
				CLANG_ENABLE_OBJC_ARC = YES;
				CLANG_WARN_BOOL_CONVERSION = YES;
				CLANG_WARN_CONSTANT_CONVERSION = YES;
				CLANG_WARN_DIRECT_OBJC_ISA_USAGE = YES_ERROR;
				CLANG_WARN_EMPTY_BODY = YES;
				CLANG_WARN_ENUM_CONVERSION = YES;
				CLANG_WARN_INT_CONVERSION = YES;
				CLANG_WARN_OBJC_ROOT_CLASS = YES_ERROR;
				CLANG_WARN_UNREACHABLE_CODE = YES;
				CLANG_WARN__DUPLICATE_METHOD_MATCH = YES;
				"CODE_SIGN_IDENTITY[sdk=iphoneos*]" = "iPhone Developer";
				COPY_PHASE_STRIP = YES;
				ENABLE_NS_ASSERTIONS = NO;
				ENABLE_STRICT_OBJC_MSGSEND = YES;
				GCC_C_LANGUAGE_STANDARD = gnu99;
				GCC_WARN_64_TO_32_BIT_CONVERSION = YES;
				GCC_WARN_ABOUT_RETURN_TYPE = YES_ERROR;
				GCC_WARN_UNDECLARED_SELECTOR = YES;
				GCC_WARN_UNINITIALIZED_AUTOS = YES_AGGRESSIVE;
				GCC_WARN_UNUSED_FUNCTION = YES;
				GCC_WARN_UNUSED_VARIABLE = YES;
				IPHONEOS_DEPLOYMENT_TARGET = 8.1;
				MTL_ENABLE_DEBUG_INFO = NO;
				SDKROOT = iphoneos;
				TARGETED_DEVICE_FAMILY = "1,2";
				VALIDATE_PRODUCT = YES;
			};
			name = Release;
		};
		994D06F71AB0A886008B8CBF /* Debug */ = {
			isa = XCBuildConfiguration;
			buildSettings = {
				ASSETCATALOG_COMPILER_APPICON_NAME = AppIcon;
				INFOPLIST_FILE = "Shopping Cart/Info.plist";
				LD_RUNPATH_SEARCH_PATHS = "$(inherited) @executable_path/Frameworks";
				PRODUCT_NAME = "$(TARGET_NAME)";
			};
			name = Debug;
		};
		994D06F81AB0A886008B8CBF /* Release */ = {
			isa = XCBuildConfiguration;
			buildSettings = {
				ASSETCATALOG_COMPILER_APPICON_NAME = AppIcon;
				INFOPLIST_FILE = "Shopping Cart/Info.plist";
				LD_RUNPATH_SEARCH_PATHS = "$(inherited) @executable_path/Frameworks";
				PRODUCT_NAME = "$(TARGET_NAME)";
			};
			name = Release;
		};
		994D06FA1AB0A886008B8CBF /* Debug */ = {
			isa = XCBuildConfiguration;
			buildSettings = {
				BUNDLE_LOADER = "$(TEST_HOST)";
				FRAMEWORK_SEARCH_PATHS = (
					"$(SDKROOT)/Developer/Library/Frameworks",
					"$(inherited)",
				);
				GCC_PREPROCESSOR_DEFINITIONS = (
					"DEBUG=1",
					"$(inherited)",
				);
				INFOPLIST_FILE = "Shopping CartTests/Info.plist";
				LD_RUNPATH_SEARCH_PATHS = "$(inherited) @executable_path/Frameworks @loader_path/Frameworks";
				PRODUCT_NAME = "$(TARGET_NAME)";
				TEST_HOST = "$(BUILT_PRODUCTS_DIR)/Shopping Cart.app/Shopping Cart";
			};
			name = Debug;
		};
		994D06FB1AB0A886008B8CBF /* Release */ = {
			isa = XCBuildConfiguration;
			buildSettings = {
				BUNDLE_LOADER = "$(TEST_HOST)";
				FRAMEWORK_SEARCH_PATHS = (
					"$(SDKROOT)/Developer/Library/Frameworks",
					"$(inherited)",
				);
				INFOPLIST_FILE = "Shopping CartTests/Info.plist";
				LD_RUNPATH_SEARCH_PATHS = "$(inherited) @executable_path/Frameworks @loader_path/Frameworks";
				PRODUCT_NAME = "$(TARGET_NAME)";
				TEST_HOST = "$(BUILT_PRODUCTS_DIR)/Shopping Cart.app/Shopping Cart";
			};
			name = Release;
		};
/* End XCBuildConfiguration section */

/* Begin XCConfigurationList section */
		994D06D21AB0A886008B8CBF /* Build configuration list for PBXProject "Shopping Cart" */ = {
			isa = XCConfigurationList;
			buildConfigurations = (
				994D06F41AB0A886008B8CBF /* Debug */,
				994D06F51AB0A886008B8CBF /* Release */,
			);
			defaultConfigurationIsVisible = 0;
			defaultConfigurationName = Release;
		};
		994D06F61AB0A886008B8CBF /* Build configuration list for PBXNativeTarget "Shopping Cart" */ = {
			isa = XCConfigurationList;
			buildConfigurations = (
				994D06F71AB0A886008B8CBF /* Debug */,
				994D06F81AB0A886008B8CBF /* Release */,
			);
			defaultConfigurationIsVisible = 0;
			defaultConfigurationName = Release;
		};
		994D06F91AB0A886008B8CBF /* Build configuration list for PBXNativeTarget "Shopping CartTests" */ = {
			isa = XCConfigurationList;
			buildConfigurations = (
				994D06FA1AB0A886008B8CBF /* Debug */,
				994D06FB1AB0A886008B8CBF /* Release */,
			);
			defaultConfigurationIsVisible = 0;
			defaultConfigurationName = Release;
		};
/* End XCConfigurationList section */
	};
	rootObject = 994D06CF1AB0A886008B8CBF /* Project object */;
}
