// !$*UTF8*$!
{
	archiveVersion = 1;
	classes = {
	};
	objectVersion = 46;
	objects = {

/* Begin PBXBuildFile section */
		99A058B01AB8DED400A5DC2A /* AppDelegate.swift in Sources */ = {isa = PBXBuildFile; fileRef = 99A058AF1AB8DED400A5DC2A /* AppDelegate.swift */; };
		99A058B21AB8DED400A5DC2A /* ViewController.swift in Sources */ = {isa = PBXBuildFile; fileRef = 99A058B11AB8DED400A5DC2A /* ViewController.swift */; };
		99A058B51AB8DED400A5DC2A /* Main.storyboard in Resources */ = {isa = PBXBuildFile; fileRef = 99A058B31AB8DED400A5DC2A /* Main.storyboard */; };
		99A058B71AB8DED400A5DC2A /* Images.xcassets in Resources */ = {isa = PBXBuildFile; fileRef = 99A058B61AB8DED400A5DC2A /* Images.xcassets */; };
		99A058BA1AB8DED400A5DC2A /* LaunchScreen.xib in Resources */ = {isa = PBXBuildFile; fileRef = 99A058B81AB8DED400A5DC2A /* LaunchScreen.xib */; };
		99A058C61AB8DED400A5DC2A /* SizeClassesTests.swift in Sources */ = {isa = PBXBuildFile; fileRef = 99A058C51AB8DED400A5DC2A /* SizeClassesTests.swift */; };
/* End PBXBuildFile section */

/* Begin PBXContainerItemProxy section */
		99A058C01AB8DED400A5DC2A /* PBXContainerItemProxy */ = {
			isa = PBXContainerItemProxy;
			containerPortal = 99A058A21AB8DED400A5DC2A /* Project object */;
			proxyType = 1;
			remoteGlobalIDString = 99A058A91AB8DED400A5DC2A;
			remoteInfo = SizeClasses;
		};
/* End PBXContainerItemProxy section */

/* Begin PBXFileReference section */
		99A058AA1AB8DED400A5DC2A /* SizeClasses.app */ = {isa = PBXFileReference; explicitFileType = wrapper.application; includeInIndex = 0; path = SizeClasses.app; sourceTree = BUILT_PRODUCTS_DIR; };
		99A058AE1AB8DED400A5DC2A /* Info.plist */ = {isa = PBXFileReference; lastKnownFileType = text.plist.xml; path = Info.plist; sourceTree = "<group>"; };
		99A058AF1AB8DED400A5DC2A /* AppDelegate.swift */ = {isa = PBXFileReference; lastKnownFileType = sourcecode.swift; path = AppDelegate.swift; sourceTree = "<group>"; };
		99A058B11AB8DED400A5DC2A /* ViewController.swift */ = {isa = PBXFileReference; lastKnownFileType = sourcecode.swift; path = ViewController.swift; sourceTree = "<group>"; };
		99A058B41AB8DED400A5DC2A /* Base */ = {isa = PBXFileReference; lastKnownFileType = file.storyboard; name = Base; path = Base.lproj/Main.storyboard; sourceTree = "<group>"; };
		99A058B61AB8DED400A5DC2A /* Images.xcassets */ = {isa = PBXFileReference; lastKnownFileType = folder.assetcatalog; path = Images.xcassets; sourceTree = "<group>"; };
		99A058B91AB8DED400A5DC2A /* Base */ = {isa = PBXFileReference; lastKnownFileType = file.xib; name = Base; path = Base.lproj/LaunchScreen.xib; sourceTree = "<group>"; };
		99A058BF1AB8DED400A5DC2A /* SizeClassesTests.xctest */ = {isa = PBXFileReference; explicitFileType = wrapper.cfbundle; includeInIndex = 0; path = SizeClassesTests.xctest; sourceTree = BUILT_PRODUCTS_DIR; };
		99A058C41AB8DED400A5DC2A /* Info.plist */ = {isa = PBXFileReference; lastKnownFileType = text.plist.xml; path = Info.plist; sourceTree = "<group>"; };
		99A058C51AB8DED400A5DC2A /* SizeClassesTests.swift */ = {isa = PBXFileReference; lastKnownFileType = sourcecode.swift; path = SizeClassesTests.swift; sourceTree = "<group>"; };
/* End PBXFileReference section */

/* Begin PBXFrameworksBuildPhase section */
		99A058A71AB8DED400A5DC2A /* Frameworks */ = {
			isa = PBXFrameworksBuildPhase;
			buildActionMask = 2147483647;
			files = (
			);
			runOnlyForDeploymentPostprocessing = 0;
		};
		99A058BC1AB8DED400A5DC2A /* Frameworks */ = {
			isa = PBXFrameworksBuildPhase;
			buildActionMask = 2147483647;
			files = (
			);
			runOnlyForDeploymentPostprocessing = 0;
		};
/* End PBXFrameworksBuildPhase section */

/* Begin PBXGroup section */
		99A058A11AB8DED400A5DC2A = {
			isa = PBXGroup;
			children = (
				99A058AC1AB8DED400A5DC2A /* SizeClasses */,
				99A058C21AB8DED400A5DC2A /* SizeClassesTests */,
				99A058AB1AB8DED400A5DC2A /* Products */,
			);
			sourceTree = "<group>";
		};
		99A058AB1AB8DED400A5DC2A /* Products */ = {
			isa = PBXGroup;
			children = (
				99A058AA1AB8DED400A5DC2A /* SizeClasses.app */,
				99A058BF1AB8DED400A5DC2A /* SizeClassesTests.xctest */,
			);
			name = Products;
			sourceTree = "<group>";
		};
		99A058AC1AB8DED400A5DC2A /* SizeClasses */ = {
			isa = PBXGroup;
			children = (
				99A058AF1AB8DED400A5DC2A /* AppDelegate.swift */,
				99A058B11AB8DED400A5DC2A /* ViewController.swift */,
				99A058B31AB8DED400A5DC2A /* Main.storyboard */,
				99A058B61AB8DED400A5DC2A /* Images.xcassets */,
				99A058B81AB8DED400A5DC2A /* LaunchScreen.xib */,
				99A058AD1AB8DED400A5DC2A /* Supporting Files */,
			);
			path = SizeClasses;
			sourceTree = "<group>";
		};
		99A058AD1AB8DED400A5DC2A /* Supporting Files */ = {
			isa = PBXGroup;
			children = (
				99A058AE1AB8DED400A5DC2A /* Info.plist */,
			);
			name = "Supporting Files";
			sourceTree = "<group>";
		};
		99A058C21AB8DED400A5DC2A /* SizeClassesTests */ = {
			isa = PBXGroup;
			children = (
				99A058C51AB8DED400A5DC2A /* SizeClassesTests.swift */,
				99A058C31AB8DED400A5DC2A /* Supporting Files */,
			);
			path = SizeClassesTests;
			sourceTree = "<group>";
		};
		99A058C31AB8DED400A5DC2A /* Supporting Files */ = {
			isa = PBXGroup;
			children = (
				99A058C41AB8DED400A5DC2A /* Info.plist */,
			);
			name = "Supporting Files";
			sourceTree = "<group>";
		};
/* End PBXGroup section */

/* Begin PBXNativeTarget section */
		99A058A91AB8DED400A5DC2A /* SizeClasses */ = {
			isa = PBXNativeTarget;
			buildConfigurationList = 99A058C91AB8DED400A5DC2A /* Build configuration list for PBXNativeTarget "SizeClasses" */;
			buildPhases = (
				99A058A61AB8DED400A5DC2A /* Sources */,
				99A058A71AB8DED400A5DC2A /* Frameworks */,
				99A058A81AB8DED400A5DC2A /* Resources */,
			);
			buildRules = (
			);
			dependencies = (
			);
			name = SizeClasses;
			productName = SizeClasses;
			productReference = 99A058AA1AB8DED400A5DC2A /* SizeClasses.app */;
			productType = "com.apple.product-type.application";
		};
		99A058BE1AB8DED400A5DC2A /* SizeClassesTests */ = {
			isa = PBXNativeTarget;
			buildConfigurationList = 99A058CC1AB8DED400A5DC2A /* Build configuration list for PBXNativeTarget "SizeClassesTests" */;
			buildPhases = (
				99A058BB1AB8DED400A5DC2A /* Sources */,
				99A058BC1AB8DED400A5DC2A /* Frameworks */,
				99A058BD1AB8DED400A5DC2A /* Resources */,
			);
			buildRules = (
			);
			dependencies = (
				99A058C11AB8DED400A5DC2A /* PBXTargetDependency */,
			);
			name = SizeClassesTests;
			productName = SizeClassesTests;
			productReference = 99A058BF1AB8DED400A5DC2A /* SizeClassesTests.xctest */;
			productType = "com.apple.product-type.bundle.unit-test";
		};
/* End PBXNativeTarget section */

/* Begin PBXProject section */
		99A058A21AB8DED400A5DC2A /* Project object */ = {
			isa = PBXProject;
			attributes = {
				LastUpgradeCheck = 0610;
				ORGANIZATIONNAME = UpperSky;
				TargetAttributes = {
					99A058A91AB8DED400A5DC2A = {
						CreatedOnToolsVersion = 6.1.1;
					};
					99A058BE1AB8DED400A5DC2A = {
						CreatedOnToolsVersion = 6.1.1;
						TestTargetID = 99A058A91AB8DED400A5DC2A;
					};
				};
			};
			buildConfigurationList = 99A058A51AB8DED400A5DC2A /* Build configuration list for PBXProject "SizeClasses" */;
			compatibilityVersion = "Xcode 3.2";
			developmentRegion = English;
			hasScannedForEncodings = 0;
			knownRegions = (
				en,
				Base,
			);
			mainGroup = 99A058A11AB8DED400A5DC2A;
			productRefGroup = 99A058AB1AB8DED400A5DC2A /* Products */;
			projectDirPath = "";
			projectRoot = "";
			targets = (
				99A058A91AB8DED400A5DC2A /* SizeClasses */,
				99A058BE1AB8DED400A5DC2A /* SizeClassesTests */,
			);
		};
/* End PBXProject section */

/* Begin PBXResourcesBuildPhase section */
		99A058A81AB8DED400A5DC2A /* Resources */ = {
			isa = PBXResourcesBuildPhase;
			buildActionMask = 2147483647;
			files = (
				99A058B51AB8DED400A5DC2A /* Main.storyboard in Resources */,
				99A058BA1AB8DED400A5DC2A /* LaunchScreen.xib in Resources */,
				99A058B71AB8DED400A5DC2A /* Images.xcassets in Resources */,
			);
			runOnlyForDeploymentPostprocessing = 0;
		};
		99A058BD1AB8DED400A5DC2A /* Resources */ = {
			isa = PBXResourcesBuildPhase;
			buildActionMask = 2147483647;
			files = (
			);
			runOnlyForDeploymentPostprocessing = 0;
		};
/* End PBXResourcesBuildPhase section */

/* Begin PBXSourcesBuildPhase section */
		99A058A61AB8DED400A5DC2A /* Sources */ = {
			isa = PBXSourcesBuildPhase;
			buildActionMask = 2147483647;
			files = (
				99A058B21AB8DED400A5DC2A /* ViewController.swift in Sources */,
				99A058B01AB8DED400A5DC2A /* AppDelegate.swift in Sources */,
			);
			runOnlyForDeploymentPostprocessing = 0;
		};
		99A058BB1AB8DED400A5DC2A /* Sources */ = {
			isa = PBXSourcesBuildPhase;
			buildActionMask = 2147483647;
			files = (
				99A058C61AB8DED400A5DC2A /* SizeClassesTests.swift in Sources */,
			);
			runOnlyForDeploymentPostprocessing = 0;
		};
/* End PBXSourcesBuildPhase section */

/* Begin PBXTargetDependency section */
		99A058C11AB8DED400A5DC2A /* PBXTargetDependency */ = {
			isa = PBXTargetDependency;
			target = 99A058A91AB8DED400A5DC2A /* SizeClasses */;
			targetProxy = 99A058C01AB8DED400A5DC2A /* PBXContainerItemProxy */;
		};
/* End PBXTargetDependency section */

/* Begin PBXVariantGroup section */
		99A058B31AB8DED400A5DC2A /* Main.storyboard */ = {
			isa = PBXVariantGroup;
			children = (
				99A058B41AB8DED400A5DC2A /* Base */,
			);
			name = Main.storyboard;
			sourceTree = "<group>";
		};
		99A058B81AB8DED400A5DC2A /* LaunchScreen.xib */ = {
			isa = PBXVariantGroup;
			children = (
				99A058B91AB8DED400A5DC2A /* Base */,
			);
			name = LaunchScreen.xib;
			sourceTree = "<group>";
		};
/* End PBXVariantGroup section */

/* Begin XCBuildConfiguration section */
		99A058C71AB8DED400A5DC2A /* Debug */ = {
			isa = XCBuildConfiguration;
			buildSettings = {
				ALWAYS_SEARCH_USER_PATHS = NO;
				CLANG_CXX_LANGUAGE_STANDARD = "gnu++0x";
				CLANG_CXX_LIBRARY = "libc++";
				CLANG_ENABLE_MODULES = YES;
				CLANG_ENABLE_OBJC_ARC = YES;
				CLANG_WARN_BOOL_CONVERSION = YES;
				CLANG_WARN_CONSTANT_CONVERSION = YES;
				CLANG_WARN_DIRECT_OBJC_ISA_USAGE = YES_ERROR;
				CLANG_WARN_EMPTY_BODY = YES;
				CLANG_WARN_ENUM_CONVERSION = YES;
				CLANG_WARN_INT_CONVERSION = YES;
				CLANG_WARN_OBJC_ROOT_CLASS = YES_ERROR;
				CLANG_WARN_UNREACHABLE_CODE = YES;
				CLANG_WARN__DUPLICATE_METHOD_MATCH = YES;
				"CODE_SIGN_IDENTITY[sdk=iphoneos*]" = "iPhone Developer";
				COPY_PHASE_STRIP = NO;
				ENABLE_STRICT_OBJC_MSGSEND = YES;
				GCC_C_LANGUAGE_STANDARD = gnu99;
				GCC_DYNAMIC_NO_PIC = NO;
				GCC_OPTIMIZATION_LEVEL = 0;
				GCC_PREPROCESSOR_DEFINITIONS = (
					"DEBUG=1",
					"$(inherited)",
				);
				GCC_SYMBOLS_PRIVATE_EXTERN = NO;
				GCC_WARN_64_TO_32_BIT_CONVERSION = YES;
				GCC_WARN_ABOUT_RETURN_TYPE = YES_ERROR;
				GCC_WARN_UNDECLARED_SELECTOR = YES;
				GCC_WARN_UNINITIALIZED_AUTOS = YES_AGGRESSIVE;
				GCC_WARN_UNUSED_FUNCTION = YES;
				GCC_WARN_UNUSED_VARIABLE = YES;
				IPHONEOS_DEPLOYMENT_TARGET = 8.1;
				MTL_ENABLE_DEBUG_INFO = YES;
				ONLY_ACTIVE_ARCH = YES;
				SDKROOT = iphoneos;
				SWIFT_OPTIMIZATION_LEVEL = "-Onone";
				TARGETED_DEVICE_FAMILY = "1,2";
			};
			name = Debug;
		};
		99A058C81AB8DED400A5DC2A /* Release */ = {
			isa = XCBuildConfiguration;
			buildSettings = {
				ALWAYS_SEARCH_USER_PATHS = NO;
				CLANG_CXX_LANGUAGE_STANDARD = "gnu++0x";
				CLANG_CXX_LIBRARY = "libc++";
				CLANG_ENABLE_MODULES = YES;
				CLANG_ENABLE_OBJC_ARC = YES;
				CLANG_WARN_BOOL_CONVERSION = YES;
				CLANG_WARN_CONSTANT_CONVERSION = YES;
				CLANG_WARN_DIRECT_OBJC_ISA_USAGE = YES_ERROR;
				CLANG_WARN_EMPTY_BODY = YES;
				CLANG_WARN_ENUM_CONVERSION = YES;
				CLANG_WARN_INT_CONVERSION = YES;
				CLANG_WARN_OBJC_ROOT_CLASS = YES_ERROR;
				CLANG_WARN_UNREACHABLE_CODE = YES;
				CLANG_WARN__DUPLICATE_METHOD_MATCH = YES;
				"CODE_SIGN_IDENTITY[sdk=iphoneos*]" = "iPhone Developer";
				COPY_PHASE_STRIP = YES;
				ENABLE_NS_ASSERTIONS = NO;
				ENABLE_STRICT_OBJC_MSGSEND = YES;
				GCC_C_LANGUAGE_STANDARD = gnu99;
				GCC_WARN_64_TO_32_BIT_CONVERSION = YES;
				GCC_WARN_ABOUT_RETURN_TYPE = YES_ERROR;
				GCC_WARN_UNDECLARED_SELECTOR = YES;
				GCC_WARN_UNINITIALIZED_AUTOS = YES_AGGRESSIVE;
				GCC_WARN_UNUSED_FUNCTION = YES;
				GCC_WARN_UNUSED_VARIABLE = YES;
				IPHONEOS_DEPLOYMENT_TARGET = 8.1;
				MTL_ENABLE_DEBUG_INFO = NO;
				SDKROOT = iphoneos;
				TARGETED_DEVICE_FAMILY = "1,2";
				VALIDATE_PRODUCT = YES;
			};
			name = Release;
		};
		99A058CA1AB8DED400A5DC2A /* Debug */ = {
			isa = XCBuildConfiguration;
			buildSettings = {
				ASSETCATALOG_COMPILER_APPICON_NAME = AppIcon;
				INFOPLIST_FILE = SizeClasses/Info.plist;
				LD_RUNPATH_SEARCH_PATHS = "$(inherited) @executable_path/Frameworks";
				PRODUCT_NAME = "$(TARGET_NAME)";
			};
			name = Debug;
		};
		99A058CB1AB8DED400A5DC2A /* Release */ = {
			isa = XCBuildConfiguration;
			buildSettings = {
				ASSETCATALOG_COMPILER_APPICON_NAME = AppIcon;
				INFOPLIST_FILE = SizeClasses/Info.plist;
				LD_RUNPATH_SEARCH_PATHS = "$(inherited) @executable_path/Frameworks";
				PRODUCT_NAME = "$(TARGET_NAME)";
			};
			name = Release;
		};
		99A058CD1AB8DED400A5DC2A /* Debug */ = {
			isa = XCBuildConfiguration;
			buildSettings = {
				BUNDLE_LOADER = "$(TEST_HOST)";
				FRAMEWORK_SEARCH_PATHS = (
					"$(SDKROOT)/Developer/Library/Frameworks",
					"$(inherited)",
				);
				GCC_PREPROCESSOR_DEFINITIONS = (
					"DEBUG=1",
					"$(inherited)",
				);
				INFOPLIST_FILE = SizeClassesTests/Info.plist;
				LD_RUNPATH_SEARCH_PATHS = "$(inherited) @executable_path/Frameworks @loader_path/Frameworks";
				PRODUCT_NAME = "$(TARGET_NAME)";
				TEST_HOST = "$(BUILT_PRODUCTS_DIR)/SizeClasses.app/SizeClasses";
			};
			name = Debug;
		};
		99A058CE1AB8DED400A5DC2A /* Release */ = {
			isa = XCBuildConfiguration;
			buildSettings = {
				BUNDLE_LOADER = "$(TEST_HOST)";
				FRAMEWORK_SEARCH_PATHS = (
					"$(SDKROOT)/Developer/Library/Frameworks",
					"$(inherited)",
				);
				INFOPLIST_FILE = SizeClassesTests/Info.plist;
				LD_RUNPATH_SEARCH_PATHS = "$(inherited) @executable_path/Frameworks @loader_path/Frameworks";
				PRODUCT_NAME = "$(TARGET_NAME)";
				TEST_HOST = "$(BUILT_PRODUCTS_DIR)/SizeClasses.app/SizeClasses";
			};
			name = Release;
		};
/* End XCBuildConfiguration section */

/* Begin XCConfigurationList section */
		99A058A51AB8DED400A5DC2A /* Build configuration list for PBXProject "SizeClasses" */ = {
			isa = XCConfigurationList;
			buildConfigurations = (
				99A058C71AB8DED400A5DC2A /* Debug */,
				99A058C81AB8DED400A5DC2A /* Release */,
			);
			defaultConfigurationIsVisible = 0;
			defaultConfigurationName = Release;
		};
		99A058C91AB8DED400A5DC2A /* Build configuration list for PBXNativeTarget "SizeClasses" */ = {
			isa = XCConfigurationList;
			buildConfigurations = (
				99A058CA1AB8DED400A5DC2A /* Debug */,
				99A058CB1AB8DED400A5DC2A /* Release */,
			);
			defaultConfigurationIsVisible = 0;
		};
		99A058CC1AB8DED400A5DC2A /* Build configuration list for PBXNativeTarget "SizeClassesTests" */ = {
			isa = XCConfigurationList;
			buildConfigurations = (
				99A058CD1AB8DED400A5DC2A /* Debug */,
				99A058CE1AB8DED400A5DC2A /* Release */,
			);
			defaultConfigurationIsVisible = 0;
		};
/* End XCConfigurationList section */
	};
	rootObject = 99A058A21AB8DED400A5DC2A /* Project object */;
}
